
Microsoft Visual Studio Solution File, Format Version 12.00
# Visual Studio Version 17
VisualStudioVersion = 17.11.35303.130
MinimumVisualStudioVersion = 10.0.40219.1
Project("{FAE04EC0-301F-11D3-BF4B-00C04F79EFBC}") = "DAQLKS", "DAQLKS\DAQLKS.csproj", "{5AE076C8-6ABD-47C3-8A52-37BE07BC9A1B}"
EndProject
Global
	GlobalSection(SolutionConfigurationPlatforms) = preSolution
		Debug|Any CPU = Debug|Any CPU
		Release|Any CPU = Release|Any CPU
	EndGlobalSection
	GlobalSection(ProjectConfigurationPlatforms) = postSolution
		{5AE076C8-6ABD-47C3-8A52-37BE07BC9A1B}.Debug|Any CPU.ActiveCfg = Debug|Any CPU
		{5AE076C8-6ABD-47C3-8A52-37BE07BC9A1B}.Debug|Any CPU.Build.0 = Debug|Any CPU
		{5AE076C8-6ABD-47C3-8A52-37BE07BC9A1B}.Release|Any CPU.ActiveCfg = Release|Any CPU
		{5AE076C8-6ABD-47C3-8A52-37BE07BC9A1B}.Release|Any CPU.Build.0 = Release|Any CPU
	EndGlobalSection
	GlobalSection(SolutionProperties) = preSolution
		HideSolutionNode = FALSE
	EndGlobalSection
	GlobalSection(ExtensibilityGlobals) = postSolution
		SolutionGuid = {C23D1FE8-03DA-41CE-A4B3-DB52AA0D6199}
	EndGlobalSection
EndGlobal
